
Microsoft Visual Studio Solution File, Format Version 12.00
# Visual Studio 2012
Project("{FAE04EC0-301F-11D3-BF4B-00C04F79EFBC}") = "Sitana.Framework.iOs", "Sitana.Framework\Sitana.Framework.iOs.csproj", "{8035627E-934F-4AEB-B2E5-69CD5A08204B}"
EndProject
Project("{FAE04EC0-301F-11D3-BF4B-00C04F79EFBC}") = "Sitana.Framework.Games.iOs", "Sitana.Framework.Games\Sitana.Framework.Games.iOs.csproj", "{CC9FF0FD-F41B-478C-A1B8-D2900E857DD2}"
EndProject
Global
	GlobalSection(SolutionConfigurationPlatforms) = preSolution
		Debug|Any CPU = Debug|Any CPU
		Release|Any CPU = Release|Any CPU
		Debug|iPhoneSimulator = Debug|iPhoneSimulator
		Release|iPhoneSimulator = Release|iPhoneSimulator
		Debug|iPhone = Debug|iPhone
		Release|iPhone = Release|iPhone
		Ad-Hoc|iPhone = Ad-Hoc|iPhone
		AppStore|iPhone = AppStore|iPhone
	EndGlobalSection
	GlobalSection(ProjectConfigurationPlatforms) = postSolution
		{8035627E-934F-4AEB-B2E5-69CD5A08204B}.Ad-Hoc|iPhone.ActiveCfg = Debug|Any CPU
		{8035627E-934F-4AEB-B2E5-69CD5A08204B}.Ad-Hoc|iPhone.Build.0 = Debug|Any CPU
		{8035627E-934F-4AEB-B2E5-69CD5A08204B}.AppStore|iPhone.ActiveCfg = Debug|Any CPU
		{8035627E-934F-4AEB-B2E5-69CD5A08204B}.AppStore|iPhone.Build.0 = Debug|Any CPU
		{8035627E-934F-4AEB-B2E5-69CD5A08204B}.Debug|Any CPU.ActiveCfg = Debug|Any CPU
		{8035627E-934F-4AEB-B2E5-69CD5A08204B}.Debug|Any CPU.Build.0 = Debug|Any CPU
		{8035627E-934F-4AEB-B2E5-69CD5A08204B}.Debug|iPhone.ActiveCfg = Debug|Any CPU
		{8035627E-934F-4AEB-B2E5-69CD5A08204B}.Debug|iPhone.Build.0 = Debug|Any CPU
		{8035627E-934F-4AEB-B2E5-69CD5A08204B}.Debug|iPhoneSimulator.ActiveCfg = Debug|Any CPU
		{8035627E-934F-4AEB-B2E5-69CD5A08204B}.Debug|iPhoneSimulator.Build.0 = Debug|Any CPU
		{8035627E-934F-4AEB-B2E5-69CD5A08204B}.Release|Any CPU.ActiveCfg = Release|Any CPU
		{8035627E-934F-4AEB-B2E5-69CD5A08204B}.Release|Any CPU.Build.0 = Release|Any CPU
		{8035627E-934F-4AEB-B2E5-69CD5A08204B}.Release|iPhone.ActiveCfg = Release|Any CPU
		{8035627E-934F-4AEB-B2E5-69CD5A08204B}.Release|iPhone.Build.0 = Release|Any CPU
		{8035627E-934F-4AEB-B2E5-69CD5A08204B}.Release|iPhoneSimulator.ActiveCfg = Release|Any CPU
		{8035627E-934F-4AEB-B2E5-69CD5A08204B}.Release|iPhoneSimulator.Build.0 = Release|Any CPU
		{CC9FF0FD-F41B-478C-A1B8-D2900E857DD2}.Ad-Hoc|iPhone.ActiveCfg = Debug|Any CPU
		{CC9FF0FD-F41B-478C-A1B8-D2900E857DD2}.Ad-Hoc|iPhone.Build.0 = Debug|Any CPU
		{CC9FF0FD-F41B-478C-A1B8-D2900E857DD2}.AppStore|iPhone.ActiveCfg = Debug|Any CPU
		{CC9FF0FD-F41B-478C-A1B8-D2900E857DD2}.AppStore|iPhone.Build.0 = Debug|Any CPU
		{CC9FF0FD-F41B-478C-A1B8-D2900E857DD2}.Debug|Any CPU.ActiveCfg = Debug|Any CPU
		{CC9FF0FD-F41B-478C-A1B8-D2900E857DD2}.Debug|Any CPU.Build.0 = Debug|Any CPU
		{CC9FF0FD-F41B-478C-A1B8-D2900E857DD2}.Debug|iPhone.ActiveCfg = Debug|Any CPU
		{CC9FF0FD-F41B-478C-A1B8-D2900E857DD2}.Debug|iPhone.Build.0 = Debug|Any CPU
		{CC9FF0FD-F41B-478C-A1B8-D2900E857DD2}.Debug|iPhoneSimulator.ActiveCfg = Debug|Any CPU
		{CC9FF0FD-F41B-478C-A1B8-D2900E857DD2}.Debug|iPhoneSimulator.Build.0 = Debug|Any CPU
		{CC9FF0FD-F41B-478C-A1B8-D2900E857DD2}.Release|Any CPU.ActiveCfg = Release|Any CPU
		{CC9FF0FD-F41B-478C-A1B8-D2900E857DD2}.Release|Any CPU.Build.0 = Release|Any CPU
		{CC9FF0FD-F41B-478C-A1B8-D2900E857DD2}.Release|iPhone.ActiveCfg = Release|Any CPU
		{CC9FF0FD-F41B-478C-A1B8-D2900E857DD2}.Release|iPhone.Build.0 = Release|Any CPU
		{CC9FF0FD-F41B-478C-A1B8-D2900E857DD2}.Release|iPhoneSimulator.ActiveCfg = Release|Any CPU
		{CC9FF0FD-F41B-478C-A1B8-D2900E857DD2}.Release|iPhoneSimulator.Build.0 = Release|Any CPU
	EndGlobalSection
EndGlobal
