
Microsoft Visual Studio Solution File, Format Version 11.00
# Visual Studio 2010
Project("{FAE04EC0-301F-11D3-BF4B-00C04F79EFBC}") = "Sitana.Framework.Windows.Xna", "Sitana.Framework\Sitana.Framework.Windows.Xna.csproj", "{68D03401-FD88-48C5-9821-0C3A07F89C34}"
EndProject
Project("{FAE04EC0-301F-11D3-BF4B-00C04F79EFBC}") = "TestApp", "Samples\TestApp\TestApp.csproj", "{68BEF9F7-437E-43A3-BC04-F31215113923}"
EndProject
Project("{FAE04EC0-301F-11D3-BF4B-00C04F79EFBC}") = "Assets.Windows.Xna", "Samples\TestApp\Assets\Assets.Windows.Xna.contentproj", "{E40D2C4B-A75A-4EE9-A558-71F346036DC1}"
EndProject
Global
	GlobalSection(SolutionConfigurationPlatforms) = preSolution
		Debug|x86 = Debug|x86
		Release|x86 = Release|x86
	EndGlobalSection
	GlobalSection(ProjectConfigurationPlatforms) = postSolution
		{68D03401-FD88-48C5-9821-0C3A07F89C34}.Debug|x86.ActiveCfg = Debug|x86
		{68D03401-FD88-48C5-9821-0C3A07F89C34}.Debug|x86.Build.0 = Debug|x86
		{68D03401-FD88-48C5-9821-0C3A07F89C34}.Release|x86.ActiveCfg = Release|x86
		{68D03401-FD88-48C5-9821-0C3A07F89C34}.Release|x86.Build.0 = Release|x86
		{68BEF9F7-437E-43A3-BC04-F31215113923}.Debug|x86.ActiveCfg = Debug|x86
		{68BEF9F7-437E-43A3-BC04-F31215113923}.Debug|x86.Build.0 = Debug|x86
		{68BEF9F7-437E-43A3-BC04-F31215113923}.Release|x86.ActiveCfg = Release|x86
		{68BEF9F7-437E-43A3-BC04-F31215113923}.Release|x86.Build.0 = Release|x86
		{E40D2C4B-A75A-4EE9-A558-71F346036DC1}.Debug|x86.ActiveCfg = Debug|x86
		{E40D2C4B-A75A-4EE9-A558-71F346036DC1}.Release|x86.ActiveCfg = Release|x86
	EndGlobalSection
	GlobalSection(SolutionProperties) = preSolution
		HideSolutionNode = FALSE
	EndGlobalSection
EndGlobal
