
Microsoft Visual Studio Solution File, Format Version 11.00
# Visual Studio 2010
Project("{FAE04EC0-301F-11D3-BF4B-00C04F79EFBC}") = "ModelConverter", "ModelConverter.csproj", "{DD76480A-12AE-42BB-BCD8-DABF01EDD0F0}"
EndProject
Project("{FAE04EC0-301F-11D3-BF4B-00C04F79EFBC}") = "Ebatianos.Essentials.WindowsMG", "..\..\Ebatianos.Essentials.WindowsMG.csproj", "{6363C957-4CE7-4FC3-9801-C56EF2FD6846}"
EndProject
Global
	GlobalSection(SolutionConfigurationPlatforms) = preSolution
		Debug|Any CPU = Debug|Any CPU
		Release|Any CPU = Release|Any CPU
	EndGlobalSection
	GlobalSection(ProjectConfigurationPlatforms) = postSolution
		{DD76480A-12AE-42BB-BCD8-DABF01EDD0F0}.Debug|Any CPU.ActiveCfg = Debug|Any CPU
		{DD76480A-12AE-42BB-BCD8-DABF01EDD0F0}.Debug|Any CPU.Build.0 = Debug|Any CPU
		{DD76480A-12AE-42BB-BCD8-DABF01EDD0F0}.Release|Any CPU.ActiveCfg = Release|Any CPU
		{DD76480A-12AE-42BB-BCD8-DABF01EDD0F0}.Release|Any CPU.Build.0 = Release|Any CPU
		{6363C957-4CE7-4FC3-9801-C56EF2FD6846}.Debug|Any CPU.ActiveCfg = Debug|Any CPU
		{6363C957-4CE7-4FC3-9801-C56EF2FD6846}.Debug|Any CPU.Build.0 = Debug|Any CPU
		{6363C957-4CE7-4FC3-9801-C56EF2FD6846}.Release|Any CPU.ActiveCfg = Release|Any CPU
		{6363C957-4CE7-4FC3-9801-C56EF2FD6846}.Release|Any CPU.Build.0 = Release|Any CPU
	EndGlobalSection
	GlobalSection(SolutionProperties) = preSolution
		HideSolutionNode = FALSE
	EndGlobalSection
EndGlobal
