
Microsoft Visual Studio Solution File, Format Version 12.00
# Visual Studio 2013
VisualStudioVersion = 12.0.31101.0
MinimumVisualStudioVersion = 10.0.40219.1
Project("{FAE04EC0-301F-11D3-BF4B-00C04F79EFBC}") = "GameEditor.Windows", "GameEditor\GameEditor.Windows.csproj", "{CF70A662-797C-44BC-9CF8-E0E63270FC7D}"
EndProject
Project("{FAE04EC0-301F-11D3-BF4B-00C04F79EFBC}") = "Sitana.Framework.Windows", "..\Sitana.Framework\Sitana.Framework.Windows.csproj", "{F527C2FC-292B-4AB0-AAE7-AFF2B5CCE086}"
EndProject
Project("{FAE04EC0-301F-11D3-BF4B-00C04F79EFBC}") = "Sitana.Framework.Games.Windows", "..\Sitana.Framework.Games\Sitana.Framework.Games.Windows.csproj", "{F1A1485C-B07A-4EA5-B34C-D2405B9A5FDD}"
EndProject
Project("{FAE04EC0-301F-11D3-BF4B-00C04F79EFBC}") = "Sitana.Framework.Common", "..\Sitana.Framework.Common\Sitana.Framework.Common.csproj", "{95EF38C7-C12E-4134-B896-59FC80D24524}"
EndProject
Global
	GlobalSection(SolutionConfigurationPlatforms) = preSolution
		Debug|Mixed Platforms = Debug|Mixed Platforms
		Release|Mixed Platforms = Release|Mixed Platforms
	EndGlobalSection
	GlobalSection(ProjectConfigurationPlatforms) = postSolution
		{CF70A662-797C-44BC-9CF8-E0E63270FC7D}.Debug|Mixed Platforms.ActiveCfg = Debug|x86
		{CF70A662-797C-44BC-9CF8-E0E63270FC7D}.Debug|Mixed Platforms.Build.0 = Debug|x86
		{CF70A662-797C-44BC-9CF8-E0E63270FC7D}.Release|Mixed Platforms.ActiveCfg = Release|x86
		{CF70A662-797C-44BC-9CF8-E0E63270FC7D}.Release|Mixed Platforms.Build.0 = Release|x86
		{F527C2FC-292B-4AB0-AAE7-AFF2B5CCE086}.Debug|Mixed Platforms.ActiveCfg = Debug|x86
		{F527C2FC-292B-4AB0-AAE7-AFF2B5CCE086}.Debug|Mixed Platforms.Build.0 = Debug|x86
		{F527C2FC-292B-4AB0-AAE7-AFF2B5CCE086}.Release|Mixed Platforms.ActiveCfg = Release|x86
		{F527C2FC-292B-4AB0-AAE7-AFF2B5CCE086}.Release|Mixed Platforms.Build.0 = Release|x86
		{F1A1485C-B07A-4EA5-B34C-D2405B9A5FDD}.Debug|Mixed Platforms.ActiveCfg = Debug|x86
		{F1A1485C-B07A-4EA5-B34C-D2405B9A5FDD}.Debug|Mixed Platforms.Build.0 = Debug|x86
		{F1A1485C-B07A-4EA5-B34C-D2405B9A5FDD}.Release|Mixed Platforms.ActiveCfg = Release|x86
		{F1A1485C-B07A-4EA5-B34C-D2405B9A5FDD}.Release|Mixed Platforms.Build.0 = Release|x86
		{95EF38C7-C12E-4134-B896-59FC80D24524}.Debug|Mixed Platforms.ActiveCfg = Debug|Any CPU
		{95EF38C7-C12E-4134-B896-59FC80D24524}.Debug|Mixed Platforms.Build.0 = Debug|Any CPU
		{95EF38C7-C12E-4134-B896-59FC80D24524}.Release|Mixed Platforms.ActiveCfg = Release|Any CPU
		{95EF38C7-C12E-4134-B896-59FC80D24524}.Release|Mixed Platforms.Build.0 = Release|Any CPU
	EndGlobalSection
	GlobalSection(SolutionProperties) = preSolution
		HideSolutionNode = FALSE
	EndGlobalSection
EndGlobal
